{
  "name": "@axa-fr/react-oidc-redux-fetch",
  "version": "1.0.1",
  "lockfileVersion": 1,
  "requires": true,
  "dependencies": {
    "@axa-fr/react-oidc-fetch-core": {
      "version": "1.0.2",
      "resolved": "https://registry.npmjs.org/@axa-fr/react-oidc-fetch-core/-/react-oidc-fetch-core-1.0.2.tgz",
      "integrity": "sha512-cueVJnSecE/0pUHVR2NStce4pWAuYIlwKS+j9Pc8Rnc1bwVSoqZ4qlpT8OMC1HzOLMwB0dUHtUl+w5svvLbbSQ=="
    },
    "@axa-fr/react-oidc-redux": {
      "version": "1.0.1",
      "resolved": "https://registry.npmjs.org/@axa-fr/react-oidc-redux/-/react-oidc-redux-1.0.1.tgz",
      "integrity": "sha512-ccQp9ITbMFd9sGX6l1cdpakiFzkJjhwN2IgVQ9kA52Wm7RmR84hs8C6mQTW9u/ihAP2LaFp391qurkl6J22wBg=="
    }
  }
}
