{
  "name": "@axa-fr/react-oidc-redux-fetch",
  "version": "1.0.1",
  "lockfileVersion": 1,
  "requires": true,
  "dependencies": {
    "@axa-fr/react-oidc-fetch-core": {
      "version": "1.0.1",
      "resolved": "https://afa-nrepo.azure-paas.intraxa/repository/npmjs-group/@axa-fr/react-oidc-fetch-core/-/react-oidc-fetch-core-1.0.1.tgz",
      "integrity": "sha512-3+et2gzhIvuE4zze9pEdO8A0VNIFp+C121vj4xsiYbfliTMO2EQY0BIjTvtAPYsZY0/M54RCaO8DKT57Qj4JXg=="
    },
    "@axa-fr/react-oidc-redux": {
      "version": "1.0.1",
      "resolved": "https://afa-nrepo.azure-paas.intraxa/repository/npmjs-group/@axa-fr/react-oidc-redux/-/react-oidc-redux-1.0.1.tgz",
      "integrity": "sha512-ccQp9ITbMFd9sGX6l1cdpakiFzkJjhwN2IgVQ9kA52Wm7RmR84hs8C6mQTW9u/ihAP2LaFp391qurkl6J22wBg=="
    }
  }
}
