{
  "name": "@axa-fr/react-oidc-context-fetch",
  "version": "1.0.0",
  "lockfileVersion": 1,
  "requires": true,
  "dependencies": {
    "@axa-fr/react-oidc-context": {
      "version": "1.0.0",
      "requires": {
        "recompose": "^0.30.0"
      },
      "dependencies": {
        "@babel/runtime": {
          "version": "7.0.0",
          "bundled": true,
          "requires": {
            "regenerator-runtime": "^0.12.0"
          }
        },
        "asap": {
          "version": "2.0.6",
          "bundled": true
        },
        "change-emitter": {
          "version": "0.1.6",
          "bundled": true
        },
        "core-js": {
          "version": "1.2.7",
          "bundled": true
        },
        "encoding": {
          "version": "0.1.12",
          "bundled": true,
          "requires": {
            "iconv-lite": "~0.4.13"
          }
        },
        "fbjs": {
          "version": "0.8.17",
          "bundled": true,
          "requires": {
            "core-js": "^1.0.0",
            "isomorphic-fetch": "^2.1.1",
            "loose-envify": "^1.0.0",
            "object-assign": "^4.1.0",
            "promise": "^7.1.1",
            "setimmediate": "^1.0.5",
            "ua-parser-js": "^0.7.18"
          }
        },
        "hoist-non-react-statics": {
          "version": "2.5.5",
          "bundled": true
        },
        "iconv-lite": {
          "version": "0.4.24",
          "bundled": true,
          "requires": {
            "safer-buffer": ">= 2.1.2 < 3"
          }
        },
        "is-stream": {
          "version": "1.1.0",
          "bundled": true
        },
        "isomorphic-fetch": {
          "version": "2.2.1",
          "bundled": true,
          "requires": {
            "node-fetch": "^1.0.1",
            "whatwg-fetch": ">=0.10.0"
          }
        },
        "js-tokens": {
          "version": "4.0.0",
          "bundled": true
        },
        "loose-envify": {
          "version": "1.4.0",
          "bundled": true,
          "requires": {
            "js-tokens": "^3.0.0 || ^4.0.0"
          }
        },
        "node-fetch": {
          "version": "1.7.3",
          "bundled": true,
          "requires": {
            "encoding": "^0.1.11",
            "is-stream": "^1.0.1"
          }
        },
        "object-assign": {
          "version": "4.1.1",
          "bundled": true
        },
        "promise": {
          "version": "7.3.1",
          "bundled": true,
          "requires": {
            "asap": "~2.0.3"
          }
        },
        "react-lifecycles-compat": {
          "version": "3.0.4",
          "bundled": true
        },
        "recompose": {
          "version": "0.30.0",
          "bundled": true,
          "requires": {
            "@babel/runtime": "^7.0.0",
            "change-emitter": "^0.1.2",
            "fbjs": "^0.8.1",
            "hoist-non-react-statics": "^2.3.1",
            "react-lifecycles-compat": "^3.0.2",
            "symbol-observable": "^1.0.4"
          }
        },
        "regenerator-runtime": {
          "version": "0.12.1",
          "bundled": true
        },
        "safer-buffer": {
          "version": "2.1.2",
          "bundled": true
        },
        "setimmediate": {
          "version": "1.0.5",
          "bundled": true
        },
        "symbol-observable": {
          "version": "1.2.0",
          "bundled": true
        },
        "ua-parser-js": {
          "version": "0.7.18",
          "bundled": true
        },
        "whatwg-fetch": {
          "version": "3.0.0",
          "bundled": true
        }
      }
    },
    "@axa-fr/react-oidc-fetch-core": {
      "version": "1.0.0"
    }
  }
}
